// !$*UTF8*$!
{
	archiveVersion = 1;
	classes = {
	};
	objectVersion = 56;
	objects = {

/* Begin PBXFileReference section */
		90F649BC2D0E1B9B00531E56 /* Survey Form.txt */ = {isa = PBXFileReference; lastKnownFileType = text; path = "Survey Form.txt"; sourceTree = "<group>"; };
		90F649BD2D0E1BAA00531E56 /* index.html */ = {isa = PBXFileReference; lastKnownFileType = text.html; path = index.html; sourceTree = "<group>"; };
		90F649BE2D0E1BBA00531E56 /* styles.css */ = {isa = PBXFileReference; lastKnownFileType = text.css; path = styles.css; sourceTree = "<group>"; };
/* End PBXFileReference section */

/* Begin PBXGroup section */
		90F649B52D0E1B8E00531E56 = {
			isa = PBXGroup;
			children = (
				90F649BE2D0E1BBA00531E56 /* styles.css */,
				90F649BD2D0E1BAA00531E56 /* index.html */,
				90F649BC2D0E1B9B00531E56 /* Survey Form.txt */,
			);
			sourceTree = "<group>";
		};
/* End PBXGroup section */

/* Begin PBXProject section */
		90F649B62D0E1B8E00531E56 /* Project object */ = {
			isa = PBXProject;
			attributes = {
				BuildIndependentTargetsInParallel = 1;
				LastUpgradeCheck = 1520;
			};
			buildConfigurationList = 90F649B92D0E1B8E00531E56 /* Build configuration list for PBXProject "Survey Form" */;
			compatibilityVersion = "Xcode 14.0";
			developmentRegion = en;
			hasScannedForEncodings = 0;
			knownRegions = (
				en,
				Base,
			);
			mainGroup = 90F649B52D0E1B8E00531E56;
			projectDirPath = "";
			projectRoot = "";
			targets = (
			);
		};
/* End PBXProject section */

/* Begin XCBuildConfiguration section */
		90F649BA2D0E1B8E00531E56 /* Debug */ = {
			isa = XCBuildConfiguration;
			buildSettings = {
			};
			name = Debug;
		};
		90F649BB2D0E1B8E00531E56 /* Release */ = {
			isa = XCBuildConfiguration;
			buildSettings = {
			};
			name = Release;
		};
/* End XCBuildConfiguration section */

/* Begin XCConfigurationList section */
		90F649B92D0E1B8E00531E56 /* Build configuration list for PBXProject "Survey Form" */ = {
			isa = XCConfigurationList;
			buildConfigurations = (
				90F649BA2D0E1B8E00531E56 /* Debug */,
				90F649BB2D0E1B8E00531E56 /* Release */,
			);
			defaultConfigurationIsVisible = 0;
			defaultConfigurationName = Release;
		};
/* End XCConfigurationList section */
	};
	rootObject = 90F649B62D0E1B8E00531E56 /* Project object */;
}
